
Microsoft Visual Studio Solution File, Format Version 12.00
# Visual Studio Version 17
VisualStudioVersion = 17.7.34202.233
MinimumVisualStudioVersion = 10.0.40219.1
Project("{FAE04EC0-301F-11D3-BF4B-00C04F79EFBC}") = "Whack-A-Mole", "Whack-A-Mole\Whack-A-Mole.csproj", "{EC3FC8DB-F550-48BA-8B6F-3CB62AEBAE7B}"
EndProject
Global
	GlobalSection(SolutionConfigurationPlatforms) = preSolution
		Debug|Any CPU = Debug|Any CPU
		Release|Any CPU = Release|Any CPU
	EndGlobalSection
	GlobalSection(ProjectConfigurationPlatforms) = postSolution
		{EC3FC8DB-F550-48BA-8B6F-3CB62AEBAE7B}.Debug|Any CPU.ActiveCfg = Debug|Any CPU
		{EC3FC8DB-F550-48BA-8B6F-3CB62AEBAE7B}.Debug|Any CPU.Build.0 = Debug|Any CPU
		{EC3FC8DB-F550-48BA-8B6F-3CB62AEBAE7B}.Release|Any CPU.ActiveCfg = Release|Any CPU
		{EC3FC8DB-F550-48BA-8B6F-3CB62AEBAE7B}.Release|Any CPU.Build.0 = Release|Any CPU
	EndGlobalSection
	GlobalSection(SolutionProperties) = preSolution
		HideSolutionNode = FALSE
	EndGlobalSection
	GlobalSection(ExtensibilityGlobals) = postSolution
		SolutionGuid = {E3BDF610-38B4-48DF-AF2F-C864B01A84AE}
	EndGlobalSection
EndGlobal
